
Microsoft Visual Studio Solution File, Format Version 12.00
# Visual Studio Version 17
VisualStudioVersion = 17.2.32616.157
MinimumVisualStudioVersion = 10.0.40219.1
Project("{FAE04EC0-301F-11D3-BF4B-00C04F79EFBC}") = "CatalogoApi", "CatalogoApi\CatalogoApi.csproj", "{FFC16917-169E-4BF4-8873-469D1EB2DA66}"
EndProject
Global
	GlobalSection(SolutionConfigurationPlatforms) = preSolution
		Debug|Any CPU = Debug|Any CPU
		Release|Any CPU = Release|Any CPU
	EndGlobalSection
	GlobalSection(ProjectConfigurationPlatforms) = postSolution
		{FFC16917-169E-4BF4-8873-469D1EB2DA66}.Debug|Any CPU.ActiveCfg = Debug|Any CPU
		{FFC16917-169E-4BF4-8873-469D1EB2DA66}.Debug|Any CPU.Build.0 = Debug|Any CPU
		{FFC16917-169E-4BF4-8873-469D1EB2DA66}.Release|Any CPU.ActiveCfg = Release|Any CPU
		{FFC16917-169E-4BF4-8873-469D1EB2DA66}.Release|Any CPU.Build.0 = Release|Any CPU
	EndGlobalSection
	GlobalSection(SolutionProperties) = preSolution
		HideSolutionNode = FALSE
	EndGlobalSection
	GlobalSection(ExtensibilityGlobals) = postSolution
		SolutionGuid = {16AA6AB7-1852-491A-93E9-F5C2848464FF}
	EndGlobalSection
EndGlobal
